// !$*UTF8*$!
{
	archiveVersion = 1;
	classes = {
	};
	objectVersion = 50;
	objects = {

/* Begin PBXBuildFile section */
		AAD57CCC230F6F6A003EFCC8 /* AppDelegate.swift in Sources */ = {isa = PBXBuildFile; fileRef = AAD57CCB230F6F6A003EFCC8 /* AppDelegate.swift */; };
		AAD57CCE230F6F6A003EFCC8 /* ViewController.swift in Sources */ = {isa = PBXBuildFile; fileRef = AAD57CCD230F6F6A003EFCC8 /* ViewController.swift */; };
		AAD57CD1230F6F6A003EFCC8 /* Main.storyboard in Resources */ = {isa = PBXBuildFile; fileRef = AAD57CCF230F6F6A003EFCC8 /* Main.storyboard */; };
		AAD57CD3230F6F6C003EFCC8 /* Assets.xcassets in Resources */ = {isa = PBXBuildFile; fileRef = AAD57CD2230F6F6C003EFCC8 /* Assets.xcassets */; };
		AAD57CD6230F6F6C003EFCC8 /* LaunchScreen.storyboard in Resources */ = {isa = PBXBuildFile; fileRef = AAD57CD4230F6F6C003EFCC8 /* LaunchScreen.storyboard */; };
		AAD57CE1230F6F6C003EFCC8 /* TipCalculatorTests.swift in Sources */ = {isa = PBXBuildFile; fileRef = AAD57CE0230F6F6C003EFCC8 /* TipCalculatorTests.swift */; };
		AAD57CEC230F6F6C003EFCC8 /* TipCalculatorUITests.swift in Sources */ = {isa = PBXBuildFile; fileRef = AAD57CEB230F6F6C003EFCC8 /* TipCalculatorUITests.swift */; };
/* End PBXBuildFile section */

/* Begin PBXContainerItemProxy section */
		AAD57CDD230F6F6C003EFCC8 /* PBXContainerItemProxy */ = {
			isa = PBXContainerItemProxy;
			containerPortal = AAD57CC0230F6F69003EFCC8 /* Project object */;
			proxyType = 1;
			remoteGlobalIDString = AAD57CC7230F6F69003EFCC8;
			remoteInfo = TipCalculator;
		};
		AAD57CE8230F6F6C003EFCC8 /* PBXContainerItemProxy */ = {
			isa = PBXContainerItemProxy;
			containerPortal = AAD57CC0230F6F69003EFCC8 /* Project object */;
			proxyType = 1;
			remoteGlobalIDString = AAD57CC7230F6F69003EFCC8;
			remoteInfo = TipCalculator;
		};
/* End PBXContainerItemProxy section */

/* Begin PBXFileReference section */
		AAD57CC8230F6F69003EFCC8 /* TipCalculator.app */ = {isa = PBXFileReference; explicitFileType = wrapper.application; includeInIndex = 0; path = TipCalculator.app; sourceTree = BUILT_PRODUCTS_DIR; };
		AAD57CCB230F6F6A003EFCC8 /* AppDelegate.swift */ = {isa = PBXFileReference; lastKnownFileType = sourcecode.swift; path = AppDelegate.swift; sourceTree = "<group>"; };
		AAD57CCD230F6F6A003EFCC8 /* ViewController.swift */ = {isa = PBXFileReference; lastKnownFileType = sourcecode.swift; path = ViewController.swift; sourceTree = "<group>"; };
		AAD57CD0230F6F6A003EFCC8 /* Base */ = {isa = PBXFileReference; lastKnownFileType = file.storyboard; name = Base; path = Base.lproj/Main.storyboard; sourceTree = "<group>"; };
		AAD57CD2230F6F6C003EFCC8 /* Assets.xcassets */ = {isa = PBXFileReference; lastKnownFileType = folder.assetcatalog; path = Assets.xcassets; sourceTree = "<group>"; };
		AAD57CD5230F6F6C003EFCC8 /* Base */ = {isa = PBXFileReference; lastKnownFileType = file.storyboard; name = Base; path = Base.lproj/LaunchScreen.storyboard; sourceTree = "<group>"; };
		AAD57CD7230F6F6C003EFCC8 /* Info.plist */ = {isa = PBXFileReference; lastKnownFileType = text.plist.xml; path = Info.plist; sourceTree = "<group>"; };
		AAD57CDC230F6F6C003EFCC8 /* TipCalculatorTests.xctest */ = {isa = PBXFileReference; explicitFileType = wrapper.cfbundle; includeInIndex = 0; path = TipCalculatorTests.xctest; sourceTree = BUILT_PRODUCTS_DIR; };
		AAD57CE0230F6F6C003EFCC8 /* TipCalculatorTests.swift */ = {isa = PBXFileReference; lastKnownFileType = sourcecode.swift; path = TipCalculatorTests.swift; sourceTree = "<group>"; };
		AAD57CE2230F6F6C003EFCC8 /* Info.plist */ = {isa = PBXFileReference; lastKnownFileType = text.plist.xml; path = Info.plist; sourceTree = "<group>"; };
		AAD57CE7230F6F6C003EFCC8 /* TipCalculatorUITests.xctest */ = {isa = PBXFileReference; explicitFileType = wrapper.cfbundle; includeInIndex = 0; path = TipCalculatorUITests.xctest; sourceTree = BUILT_PRODUCTS_DIR; };
		AAD57CEB230F6F6C003EFCC8 /* TipCalculatorUITests.swift */ = {isa = PBXFileReference; lastKnownFileType = sourcecode.swift; path = TipCalculatorUITests.swift; sourceTree = "<group>"; };
		AAD57CED230F6F6C003EFCC8 /* Info.plist */ = {isa = PBXFileReference; lastKnownFileType = text.plist.xml; path = Info.plist; sourceTree = "<group>"; };
/* End PBXFileReference section */

/* Begin PBXFrameworksBuildPhase section */
		AAD57CC5230F6F69003EFCC8 /* Frameworks */ = {
			isa = PBXFrameworksBuildPhase;
			buildActionMask = 2147483647;
			files = (
			);
			runOnlyForDeploymentPostprocessing = 0;
		};
		AAD57CD9230F6F6C003EFCC8 /* Frameworks */ = {
			isa = PBXFrameworksBuildPhase;
			buildActionMask = 2147483647;
			files = (
			);
			runOnlyForDeploymentPostprocessing = 0;
		};
		AAD57CE4230F6F6C003EFCC8 /* Frameworks */ = {
			isa = PBXFrameworksBuildPhase;
			buildActionMask = 2147483647;
			files = (
			);
			runOnlyForDeploymentPostprocessing = 0;
		};
/* End PBXFrameworksBuildPhase section */

/* Begin PBXGroup section */
		AAD57CBF230F6F69003EFCC8 = {
			isa = PBXGroup;
			children = (
				AAD57CCA230F6F6A003EFCC8 /* TipCalculator */,
				AAD57CDF230F6F6C003EFCC8 /* TipCalculatorTests */,
				AAD57CEA230F6F6C003EFCC8 /* TipCalculatorUITests */,
				AAD57CC9230F6F69003EFCC8 /* Products */,
			);
			sourceTree = "<group>";
		};
		AAD57CC9230F6F69003EFCC8 /* Products */ = {
			isa = PBXGroup;
			children = (
				AAD57CC8230F6F69003EFCC8 /* TipCalculator.app */,
				AAD57CDC230F6F6C003EFCC8 /* TipCalculatorTests.xctest */,
				AAD57CE7230F6F6C003EFCC8 /* TipCalculatorUITests.xctest */,
			);
			name = Products;
			sourceTree = "<group>";
		};
		AAD57CCA230F6F6A003EFCC8 /* TipCalculator */ = {
			isa = PBXGroup;
			children = (
				AAD57CCB230F6F6A003EFCC8 /* AppDelegate.swift */,
				AAD57CCD230F6F6A003EFCC8 /* ViewController.swift */,
				AAD57CCF230F6F6A003EFCC8 /* Main.storyboard */,
				AAD57CD2230F6F6C003EFCC8 /* Assets.xcassets */,
				AAD57CD4230F6F6C003EFCC8 /* LaunchScreen.storyboard */,
				AAD57CD7230F6F6C003EFCC8 /* Info.plist */,
			);
			path = TipCalculator;
			sourceTree = "<group>";
		};
		AAD57CDF230F6F6C003EFCC8 /* TipCalculatorTests */ = {
			isa = PBXGroup;
			children = (
				AAD57CE0230F6F6C003EFCC8 /* TipCalculatorTests.swift */,
				AAD57CE2230F6F6C003EFCC8 /* Info.plist */,
			);
			path = TipCalculatorTests;
			sourceTree = "<group>";
		};
		AAD57CEA230F6F6C003EFCC8 /* TipCalculatorUITests */ = {
			isa = PBXGroup;
			children = (
				AAD57CEB230F6F6C003EFCC8 /* TipCalculatorUITests.swift */,
				AAD57CED230F6F6C003EFCC8 /* Info.plist */,
			);
			path = TipCalculatorUITests;
			sourceTree = "<group>";
		};
/* End PBXGroup section */

/* Begin PBXNativeTarget section */
		AAD57CC7230F6F69003EFCC8 /* TipCalculator */ = {
			isa = PBXNativeTarget;
			buildConfigurationList = AAD57CF0230F6F6C003EFCC8 /* Build configuration list for PBXNativeTarget "TipCalculator" */;
			buildPhases = (
				AAD57CC4230F6F69003EFCC8 /* Sources */,
				AAD57CC5230F6F69003EFCC8 /* Frameworks */,
				AAD57CC6230F6F69003EFCC8 /* Resources */,
			);
			buildRules = (
			);
			dependencies = (
			);
			name = TipCalculator;
			productName = TipCalculator;
			productReference = AAD57CC8230F6F69003EFCC8 /* TipCalculator.app */;
			productType = "com.apple.product-type.application";
		};
		AAD57CDB230F6F6C003EFCC8 /* TipCalculatorTests */ = {
			isa = PBXNativeTarget;
			buildConfigurationList = AAD57CF3230F6F6C003EFCC8 /* Build configuration list for PBXNativeTarget "TipCalculatorTests" */;
			buildPhases = (
				AAD57CD8230F6F6C003EFCC8 /* Sources */,
				AAD57CD9230F6F6C003EFCC8 /* Frameworks */,
				AAD57CDA230F6F6C003EFCC8 /* Resources */,
			);
			buildRules = (
			);
			dependencies = (
				AAD57CDE230F6F6C003EFCC8 /* PBXTargetDependency */,
			);
			name = TipCalculatorTests;
			productName = TipCalculatorTests;
			productReference = AAD57CDC230F6F6C003EFCC8 /* TipCalculatorTests.xctest */;
			productType = "com.apple.product-type.bundle.unit-test";
		};
		AAD57CE6230F6F6C003EFCC8 /* TipCalculatorUITests */ = {
			isa = PBXNativeTarget;
			buildConfigurationList = AAD57CF6230F6F6C003EFCC8 /* Build configuration list for PBXNativeTarget "TipCalculatorUITests" */;
			buildPhases = (
				AAD57CE3230F6F6C003EFCC8 /* Sources */,
				AAD57CE4230F6F6C003EFCC8 /* Frameworks */,
				AAD57CE5230F6F6C003EFCC8 /* Resources */,
			);
			buildRules = (
			);
			dependencies = (
				AAD57CE9230F6F6C003EFCC8 /* PBXTargetDependency */,
			);
			name = TipCalculatorUITests;
			productName = TipCalculatorUITests;
			productReference = AAD57CE7230F6F6C003EFCC8 /* TipCalculatorUITests.xctest */;
			productType = "com.apple.product-type.bundle.ui-testing";
		};
/* End PBXNativeTarget section */

/* Begin PBXProject section */
		AAD57CC0230F6F69003EFCC8 /* Project object */ = {
			isa = PBXProject;
			attributes = {
				LastSwiftUpdateCheck = 1030;
				LastUpgradeCheck = 1030;
				ORGANIZATIONNAME = "Steven Bosy";
				TargetAttributes = {
					AAD57CC7230F6F69003EFCC8 = {
						CreatedOnToolsVersion = 10.3;
					};
					AAD57CDB230F6F6C003EFCC8 = {
						CreatedOnToolsVersion = 10.3;
						TestTargetID = AAD57CC7230F6F69003EFCC8;
					};
					AAD57CE6230F6F6C003EFCC8 = {
						CreatedOnToolsVersion = 10.3;
						TestTargetID = AAD57CC7230F6F69003EFCC8;
					};
				};
			};
			buildConfigurationList = AAD57CC3230F6F69003EFCC8 /* Build configuration list for PBXProject "TipCalculator" */;
			compatibilityVersion = "Xcode 9.3";
			developmentRegion = en;
			hasScannedForEncodings = 0;
			knownRegions = (
				en,
				Base,
			);
			mainGroup = AAD57CBF230F6F69003EFCC8;
			productRefGroup = AAD57CC9230F6F69003EFCC8 /* Products */;
			projectDirPath = "";
			projectRoot = "";
			targets = (
				AAD57CC7230F6F69003EFCC8 /* TipCalculator */,
				AAD57CDB230F6F6C003EFCC8 /* TipCalculatorTests */,
				AAD57CE6230F6F6C003EFCC8 /* TipCalculatorUITests */,
			);
		};
/* End PBXProject section */

/* Begin PBXResourcesBuildPhase section */
		AAD57CC6230F6F69003EFCC8 /* Resources */ = {
			isa = PBXResourcesBuildPhase;
			buildActionMask = 2147483647;
			files = (
				AAD57CD6230F6F6C003EFCC8 /* LaunchScreen.storyboard in Resources */,
				AAD57CD3230F6F6C003EFCC8 /* Assets.xcassets in Resources */,
				AAD57CD1230F6F6A003EFCC8 /* Main.storyboard in Resources */,
			);
			runOnlyForDeploymentPostprocessing = 0;
		};
		AAD57CDA230F6F6C003EFCC8 /* Resources */ = {
			isa = PBXResourcesBuildPhase;
			buildActionMask = 2147483647;
			files = (
			);
			runOnlyForDeploymentPostprocessing = 0;
		};
		AAD57CE5230F6F6C003EFCC8 /* Resources */ = {
			isa = PBXResourcesBuildPhase;
			buildActionMask = 2147483647;
			files = (
			);
			runOnlyForDeploymentPostprocessing = 0;
		};
/* End PBXResourcesBuildPhase section */

/* Begin PBXSourcesBuildPhase section */
		AAD57CC4230F6F69003EFCC8 /* Sources */ = {
			isa = PBXSourcesBuildPhase;
			buildActionMask = 2147483647;
			files = (
				AAD57CCE230F6F6A003EFCC8 /* ViewController.swift in Sources */,
				AAD57CCC230F6F6A003EFCC8 /* AppDelegate.swift in Sources */,
			);
			runOnlyForDeploymentPostprocessing = 0;
		};
		AAD57CD8230F6F6C003EFCC8 /* Sources */ = {
			isa = PBXSourcesBuildPhase;
			buildActionMask = 2147483647;
			files = (
				AAD57CE1230F6F6C003EFCC8 /* TipCalculatorTests.swift in Sources */,
			);
			runOnlyForDeploymentPostprocessing = 0;
		};
		AAD57CE3230F6F6C003EFCC8 /* Sources */ = {
			isa = PBXSourcesBuildPhase;
			buildActionMask = 2147483647;
			files = (
				AAD57CEC230F6F6C003EFCC8 /* TipCalculatorUITests.swift in Sources */,
			);
			runOnlyForDeploymentPostprocessing = 0;
		};
/* End PBXSourcesBuildPhase section */

/* Begin PBXTargetDependency section */
		AAD57CDE230F6F6C003EFCC8 /* PBXTargetDependency */ = {
			isa = PBXTargetDependency;
			target = AAD57CC7230F6F69003EFCC8 /* TipCalculator */;
			targetProxy = AAD57CDD230F6F6C003EFCC8 /* PBXContainerItemProxy */;
		};
		AAD57CE9230F6F6C003EFCC8 /* PBXTargetDependency */ = {
			isa = PBXTargetDependency;
			target = AAD57CC7230F6F69003EFCC8 /* TipCalculator */;
			targetProxy = AAD57CE8230F6F6C003EFCC8 /* PBXContainerItemProxy */;
		};
/* End PBXTargetDependency section */

/* Begin PBXVariantGroup section */
		AAD57CCF230F6F6A003EFCC8 /* Main.storyboard */ = {
			isa = PBXVariantGroup;
			children = (
				AAD57CD0230F6F6A003EFCC8 /* Base */,
			);
			name = Main.storyboard;
			sourceTree = "<group>";
		};
		AAD57CD4230F6F6C003EFCC8 /* LaunchScreen.storyboard */ = {
			isa = PBXVariantGroup;
			children = (
				AAD57CD5230F6F6C003EFCC8 /* Base */,
			);
			name = LaunchScreen.storyboard;
			sourceTree = "<group>";
		};
/* End PBXVariantGroup section */

/* Begin XCBuildConfiguration section */
		AAD57CEE230F6F6C003EFCC8 /* Debug */ = {
			isa = XCBuildConfiguration;
			buildSettings = {
				ALWAYS_SEARCH_USER_PATHS = NO;
				CLANG_ANALYZER_NONNULL = YES;
				CLANG_ANALYZER_NUMBER_OBJECT_CONVERSION = YES_AGGRESSIVE;
				CLANG_CXX_LANGUAGE_STANDARD = "gnu++14";
				CLANG_CXX_LIBRARY = "libc++";
				CLANG_ENABLE_MODULES = YES;
				CLANG_ENABLE_OBJC_ARC = YES;
				CLANG_ENABLE_OBJC_WEAK = YES;
				CLANG_WARN_BLOCK_CAPTURE_AUTORELEASING = YES;
				CLANG_WARN_BOOL_CONVERSION = YES;
				CLANG_WARN_COMMA = YES;
				CLANG_WARN_CONSTANT_CONVERSION = YES;
				CLANG_WARN_DEPRECATED_OBJC_IMPLEMENTATIONS = YES;
				CLANG_WARN_DIRECT_OBJC_ISA_USAGE = YES_ERROR;
				CLANG_WARN_DOCUMENTATION_COMMENTS = YES;
				CLANG_WARN_EMPTY_BODY = YES;
				CLANG_WARN_ENUM_CONVERSION = YES;
				CLANG_WARN_INFINITE_RECURSION = YES;
				CLANG_WARN_INT_CONVERSION = YES;
				CLANG_WARN_NON_LITERAL_NULL_CONVERSION = YES;
				CLANG_WARN_OBJC_IMPLICIT_RETAIN_SELF = YES;
				CLANG_WARN_OBJC_LITERAL_CONVERSION = YES;
				CLANG_WARN_OBJC_ROOT_CLASS = YES_ERROR;
				CLANG_WARN_RANGE_LOOP_ANALYSIS = YES;
				CLANG_WARN_STRICT_PROTOTYPES = YES;
				CLANG_WARN_SUSPICIOUS_MOVE = YES;
				CLANG_WARN_UNGUARDED_AVAILABILITY = YES_AGGRESSIVE;
				CLANG_WARN_UNREACHABLE_CODE = YES;
				CLANG_WARN__DUPLICATE_METHOD_MATCH = YES;
				CODE_SIGN_IDENTITY = "iPhone Developer";
				COPY_PHASE_STRIP = NO;
				DEBUG_INFORMATION_FORMAT = dwarf;
				ENABLE_STRICT_OBJC_MSGSEND = YES;
				ENABLE_TESTABILITY = YES;
				GCC_C_LANGUAGE_STANDARD = gnu11;
				GCC_DYNAMIC_NO_PIC = NO;
				GCC_NO_COMMON_BLOCKS = YES;
				GCC_OPTIMIZATION_LEVEL = 0;
				GCC_PREPROCESSOR_DEFINITIONS = (
					"DEBUG=1",
					"$(inherited)",
				);
				GCC_WARN_64_TO_32_BIT_CONVERSION = YES;
				GCC_WARN_ABOUT_RETURN_TYPE = YES_ERROR;
				GCC_WARN_UNDECLARED_SELECTOR = YES;
				GCC_WARN_UNINITIALIZED_AUTOS = YES_AGGRESSIVE;
				GCC_WARN_UNUSED_FUNCTION = YES;
				GCC_WARN_UNUSED_VARIABLE = YES;
				IPHONEOS_DEPLOYMENT_TARGET = 12.4;
				MTL_ENABLE_DEBUG_INFO = INCLUDE_SOURCE;
				MTL_FAST_MATH = YES;
				ONLY_ACTIVE_ARCH = YES;
				SDKROOT = iphoneos;
				SWIFT_ACTIVE_COMPILATION_CONDITIONS = DEBUG;
				SWIFT_OPTIMIZATION_LEVEL = "-Onone";
			};
			name = Debug;
		};
		AAD57CEF230F6F6C003EFCC8 /* Release */ = {
			isa = XCBuildConfiguration;
			buildSettings = {
				ALWAYS_SEARCH_USER_PATHS = NO;
				CLANG_ANALYZER_NONNULL = YES;
				CLANG_ANALYZER_NUMBER_OBJECT_CONVERSION = YES_AGGRESSIVE;
				CLANG_CXX_LANGUAGE_STANDARD = "gnu++14";
				CLANG_CXX_LIBRARY = "libc++";
				CLANG_ENABLE_MODULES = YES;
				CLANG_ENABLE_OBJC_ARC = YES;
				CLANG_ENABLE_OBJC_WEAK = YES;
				CLANG_WARN_BLOCK_CAPTURE_AUTORELEASING = YES;
				CLANG_WARN_BOOL_CONVERSION = YES;
				CLANG_WARN_COMMA = YES;
				CLANG_WARN_CONSTANT_CONVERSION = YES;
				CLANG_WARN_DEPRECATED_OBJC_IMPLEMENTATIONS = YES;
				CLANG_WARN_DIRECT_OBJC_ISA_USAGE = YES_ERROR;
				CLANG_WARN_DOCUMENTATION_COMMENTS = YES;
				CLANG_WARN_EMPTY_BODY = YES;
				CLANG_WARN_ENUM_CONVERSION = YES;
				CLANG_WARN_INFINITE_RECURSION = YES;
				CLANG_WARN_INT_CONVERSION = YES;
				CLANG_WARN_NON_LITERAL_NULL_CONVERSION = YES;
				CLANG_WARN_OBJC_IMPLICIT_RETAIN_SELF = YES;
				CLANG_WARN_OBJC_LITERAL_CONVERSION = YES;
				CLANG_WARN_OBJC_ROOT_CLASS = YES_ERROR;
				CLANG_WARN_RANGE_LOOP_ANALYSIS = YES;
				CLANG_WARN_STRICT_PROTOTYPES = YES;
				CLANG_WARN_SUSPICIOUS_MOVE = YES;
				CLANG_WARN_UNGUARDED_AVAILABILITY = YES_AGGRESSIVE;
				CLANG_WARN_UNREACHABLE_CODE = YES;
				CLANG_WARN__DUPLICATE_METHOD_MATCH = YES;
				CODE_SIGN_IDENTITY = "iPhone Developer";
				COPY_PHASE_STRIP = NO;
				DEBUG_INFORMATION_FORMAT = "dwarf-with-dsym";
				ENABLE_NS_ASSERTIONS = NO;
				ENABLE_STRICT_OBJC_MSGSEND = YES;
				GCC_C_LANGUAGE_STANDARD = gnu11;
				GCC_NO_COMMON_BLOCKS = YES;
				GCC_WARN_64_TO_32_BIT_CONVERSION = YES;
				GCC_WARN_ABOUT_RETURN_TYPE = YES_ERROR;
				GCC_WARN_UNDECLARED_SELECTOR = YES;
				GCC_WARN_UNINITIALIZED_AUTOS = YES_AGGRESSIVE;
				GCC_WARN_UNUSED_FUNCTION = YES;
				GCC_WARN_UNUSED_VARIABLE = YES;
				IPHONEOS_DEPLOYMENT_TARGET = 12.4;
				MTL_ENABLE_DEBUG_INFO = NO;
				MTL_FAST_MATH = YES;
				SDKROOT = iphoneos;
				SWIFT_COMPILATION_MODE = wholemodule;
				SWIFT_OPTIMIZATION_LEVEL = "-O";
				VALIDATE_PRODUCT = YES;
			};
			name = Release;
		};
		AAD57CF1230F6F6C003EFCC8 /* Debug */ = {
			isa = XCBuildConfiguration;
			buildSettings = {
				ASSETCATALOG_COMPILER_APPICON_NAME = AppIcon;
				CODE_SIGN_STYLE = Automatic;
				INFOPLIST_FILE = TipCalculator/Info.plist;
				LD_RUNPATH_SEARCH_PATHS = (
					"$(inherited)",
					"@executable_path/Frameworks",
				);
				PRODUCT_BUNDLE_IDENTIFIER = lif.TipCalculator;
				PRODUCT_NAME = "$(TARGET_NAME)";
				SWIFT_VERSION = 5.0;
				TARGETED_DEVICE_FAMILY = "1,2";
			};
			name = Debug;
		};
		AAD57CF2230F6F6C003EFCC8 /* Release */ = {
			isa = XCBuildConfiguration;
			buildSettings = {
				ASSETCATALOG_COMPILER_APPICON_NAME = AppIcon;
				CODE_SIGN_STYLE = Automatic;
				INFOPLIST_FILE = TipCalculator/Info.plist;
				LD_RUNPATH_SEARCH_PATHS = (
					"$(inherited)",
					"@executable_path/Frameworks",
				);
				PRODUCT_BUNDLE_IDENTIFIER = lif.TipCalculator;
				PRODUCT_NAME = "$(TARGET_NAME)";
				SWIFT_VERSION = 5.0;
				TARGETED_DEVICE_FAMILY = "1,2";
			};
			name = Release;
		};
		AAD57CF4230F6F6C003EFCC8 /* Debug */ = {
			isa = XCBuildConfiguration;
			buildSettings = {
				ALWAYS_EMBED_SWIFT_STANDARD_LIBRARIES = YES;
				BUNDLE_LOADER = "$(TEST_HOST)";
				CODE_SIGN_STYLE = Automatic;
				INFOPLIST_FILE = TipCalculatorTests/Info.plist;
				LD_RUNPATH_SEARCH_PATHS = (
					"$(inherited)",
					"@executable_path/Frameworks",
					"@loader_path/Frameworks",
				);
				PRODUCT_BUNDLE_IDENTIFIER = lif.TipCalculatorTests;
				PRODUCT_NAME = "$(TARGET_NAME)";
				SWIFT_VERSION = 5.0;
				TARGETED_DEVICE_FAMILY = "1,2";
				TEST_HOST = "$(BUILT_PRODUCTS_DIR)/TipCalculator.app/TipCalculator";
			};
			name = Debug;
		};
		AAD57CF5230F6F6C003EFCC8 /* Release */ = {
			isa = XCBuildConfiguration;
			buildSettings = {
				ALWAYS_EMBED_SWIFT_STANDARD_LIBRARIES = YES;
				BUNDLE_LOADER = "$(TEST_HOST)";
				CODE_SIGN_STYLE = Automatic;
				INFOPLIST_FILE = TipCalculatorTests/Info.plist;
				LD_RUNPATH_SEARCH_PATHS = (
					"$(inherited)",
					"@executable_path/Frameworks",
					"@loader_path/Frameworks",
				);
				PRODUCT_BUNDLE_IDENTIFIER = lif.TipCalculatorTests;
				PRODUCT_NAME = "$(TARGET_NAME)";
				SWIFT_VERSION = 5.0;
				TARGETED_DEVICE_FAMILY = "1,2";
				TEST_HOST = "$(BUILT_PRODUCTS_DIR)/TipCalculator.app/TipCalculator";
			};
			name = Release;
		};
		AAD57CF7230F6F6C003EFCC8 /* Debug */ = {
			isa = XCBuildConfiguration;
			buildSettings = {
				ALWAYS_EMBED_SWIFT_STANDARD_LIBRARIES = YES;
				CODE_SIGN_STYLE = Automatic;
				INFOPLIST_FILE = TipCalculatorUITests/Info.plist;
				LD_RUNPATH_SEARCH_PATHS = (
					"$(inherited)",
					"@executable_path/Frameworks",
					"@loader_path/Frameworks",
				);
				PRODUCT_BUNDLE_IDENTIFIER = lif.TipCalculatorUITests;
				PRODUCT_NAME = "$(TARGET_NAME)";
				SWIFT_VERSION = 5.0;
				TARGETED_DEVICE_FAMILY = "1,2";
				TEST_TARGET_NAME = TipCalculator;
			};
			name = Debug;
		};
		AAD57CF8230F6F6C003EFCC8 /* Release */ = {
			isa = XCBuildConfiguration;
			buildSettings = {
				ALWAYS_EMBED_SWIFT_STANDARD_LIBRARIES = YES;
				CODE_SIGN_STYLE = Automatic;
				INFOPLIST_FILE = TipCalculatorUITests/Info.plist;
				LD_RUNPATH_SEARCH_PATHS = (
					"$(inherited)",
					"@executable_path/Frameworks",
					"@loader_path/Frameworks",
				);
				PRODUCT_BUNDLE_IDENTIFIER = lif.TipCalculatorUITests;
				PRODUCT_NAME = "$(TARGET_NAME)";
				SWIFT_VERSION = 5.0;
				TARGETED_DEVICE_FAMILY = "1,2";
				TEST_TARGET_NAME = TipCalculator;
			};
			name = Release;
		};
/* End XCBuildConfiguration section */

/* Begin XCConfigurationList section */
		AAD57CC3230F6F69003EFCC8 /* Build configuration list for PBXProject "TipCalculator" */ = {
			isa = XCConfigurationList;
			buildConfigurations = (
				AAD57CEE230F6F6C003EFCC8 /* Debug */,
				AAD57CEF230F6F6C003EFCC8 /* Release */,
			);
			defaultConfigurationIsVisible = 0;
			defaultConfigurationName = Release;
		};
		AAD57CF0230F6F6C003EFCC8 /* Build configuration list for PBXNativeTarget "TipCalculator" */ = {
			isa = XCConfigurationList;
			buildConfigurations = (
				AAD57CF1230F6F6C003EFCC8 /* Debug */,
				AAD57CF2230F6F6C003EFCC8 /* Release */,
			);
			defaultConfigurationIsVisible = 0;
			defaultConfigurationName = Release;
		};
		AAD57CF3230F6F6C003EFCC8 /* Build configuration list for PBXNativeTarget "TipCalculatorTests" */ = {
			isa = XCConfigurationList;
			buildConfigurations = (
				AAD57CF4230F6F6C003EFCC8 /* Debug */,
				AAD57CF5230F6F6C003EFCC8 /* Release */,
			);
			defaultConfigurationIsVisible = 0;
			defaultConfigurationName = Release;
		};
		AAD57CF6230F6F6C003EFCC8 /* Build configuration list for PBXNativeTarget "TipCalculatorUITests" */ = {
			isa = XCConfigurationList;
			buildConfigurations = (
				AAD57CF7230F6F6C003EFCC8 /* Debug */,
				AAD57CF8230F6F6C003EFCC8 /* Release */,
			);
			defaultConfigurationIsVisible = 0;
			defaultConfigurationName = Release;
		};
/* End XCConfigurationList section */
	};
	rootObject = AAD57CC0230F6F69003EFCC8 /* Project object */;
}
